{
  "lockfile_version": "1",
  "packages": {
    "arrow-cpp@latest": {
      "last_modified": "2025-05-16T20:19:48Z",
      "resolved": "github:NixOS/nixpkgs/12a55407652e04dcf2309436eb06fef0d3713ef3#arrow-cpp",
      "source": "devbox-search",
      "version": "20.0.0",
      "systems": {
        "aarch64-darwin": {
          "outputs": [
            {
              "name": "out",
              "path": "/nix/store/6xir7vb47py6ymdi7d7j9152f5ns9140-arrow-cpp-20.0.0",
              "default": true
            }
          ],
          "store_path": "/nix/store/6xir7vb47py6ymdi7d7j9152f5ns9140-arrow-cpp-20.0.0"
        },
        "aarch64-linux": {
          "outputs": [
            {
              "name": "out",
              "path": "/nix/store/ik09r30f7dgk7w39xg3n02pbyazp2v3m-arrow-cpp-20.0.0",
              "default": true
            }
          ],
          "store_path": "/nix/store/ik09r30f7dgk7w39xg3n02pbyazp2v3m-arrow-cpp-20.0.0"
        },
        "x86_64-darwin": {
          "outputs": [
            {
              "name": "out",
              "path": "/nix/store/bypf61z099mjwk9yhpzs2v71dhiqfjy6-arrow-cpp-20.0.0",
              "default": true
            }
          ],
          "store_path": "/nix/store/bypf61z099mjwk9yhpzs2v71dhiqfjy6-arrow-cpp-20.0.0"
        },
        "x86_64-linux": {
          "outputs": [
            {
              "name": "out",
              "path": "/nix/store/lnisdbzpmmyfs9i1svhd3sjhnlpz65d5-arrow-cpp-20.0.0",
              "default": true
            }
          ],
          "store_path": "/nix/store/lnisdbzpmmyfs9i1svhd3sjhnlpz65d5-arrow-cpp-20.0.0"
        }
      }
    },
    "boost.dev": {
      "resolved": "github:NixOS/nixpkgs/59138c7667b7970d205d6a05a8bfa2d78caa3643?narHash=sha256-7gGa49iB9nCnFk4h%2Fg9zwjlQAyjtpgcFkODjcOQS0Es%3D#boost.dev",
      "source": "nixpkg"
    },
    "boost@latest": {
      "last_modified": "2025-05-16T20:19:48Z",
      "resolved": "github:NixOS/nixpkgs/12a55407652e04dcf2309436eb06fef0d3713ef3#boost",
      "source": "devbox-search",
      "version": "1.87.0",
      "systems": {
        "aarch64-darwin": {
          "outputs": [
            {
              "name": "out",
              "path": "/nix/store/r9myvhgdwr5q5zkdixhhc1acy3qhvsmy-boost-1.87.0",
              "default": true
            },
            {
              "name": "dev",
              "path": "/nix/store/k2cd7msx44va0p87xz5b3pyff4x6kynp-boost-1.87.0-dev"
            }
          ],
          "store_path": "/nix/store/r9myvhgdwr5q5zkdixhhc1acy3qhvsmy-boost-1.87.0"
        },
        "aarch64-linux": {
          "outputs": [
            {
              "name": "out",
              "path": "/nix/store/9cfnd9zdssljyb80l0z0c8l66az2f9xw-boost-1.87.0",
              "default": true
            },
            {
              "name": "dev",
              "path": "/nix/store/nrvq2hnxy78z1lja6yiimc4izgk4871c-boost-1.87.0-dev"
            }
          ],
          "store_path": "/nix/store/9cfnd9zdssljyb80l0z0c8l66az2f9xw-boost-1.87.0"
        },
        "x86_64-darwin": {
          "outputs": [
            {
              "name": "out",
              "path": "/nix/store/hajw23p16ffzq487jlbqz8h6glgwfcpi-boost-1.87.0",
              "default": true
            },
            {
              "name": "dev",
              "path": "/nix/store/aknqrg3lb97b099cacmbl8217yljg67r-boost-1.87.0-dev"
            }
          ],
          "store_path": "/nix/store/hajw23p16ffzq487jlbqz8h6glgwfcpi-boost-1.87.0"
        },
        "x86_64-linux": {
          "outputs": [
            {
              "name": "out",
              "path": "/nix/store/grpscx1ba72r34zbdkq8im08xmjrkad0-boost-1.87.0",
              "default": true
            },
            {
              "name": "dev",
              "path": "/nix/store/ammv4hfx001g454rn0dlgibj1imn9rkw-boost-1.87.0-dev"
            }
          ],
          "store_path": "/nix/store/grpscx1ba72r34zbdkq8im08xmjrkad0-boost-1.87.0"
        }
      }
    },
    "clang-tools@latest": {
      "last_modified": "2025-05-16T20:19:48Z",
      "resolved": "github:NixOS/nixpkgs/12a55407652e04dcf2309436eb06fef0d3713ef3#clang-tools",
      "source": "devbox-search",
      "version": "19.1.7",
      "systems": {
        "aarch64-darwin": {
          "outputs": [
            {
              "name": "out",
              "path": "/nix/store/d12c7ny0s98iiycg0b2a4pdqn6fg97a2-clang-tools-19.1.7",
              "default": true
            }
          ],
          "store_path": "/nix/store/d12c7ny0s98iiycg0b2a4pdqn6fg97a2-clang-tools-19.1.7"
        },
        "aarch64-linux": {
          "outputs": [
            {
              "name": "out",
              "path": "/nix/store/dkkmczwslzdvk128sfvmp9xgrg0s2yby-clang-tools-19.1.7",
              "default": true
            }
          ],
          "store_path": "/nix/store/dkkmczwslzdvk128sfvmp9xgrg0s2yby-clang-tools-19.1.7"
        },
        "x86_64-darwin": {
          "outputs": [
            {
              "name": "out",
              "path": "/nix/store/22h6pcivzrx1nzrkxjgwy0j0n7mcidd4-clang-tools-19.1.7",
              "default": true
            }
          ],
          "store_path": "/nix/store/22h6pcivzrx1nzrkxjgwy0j0n7mcidd4-clang-tools-19.1.7"
        },
        "x86_64-linux": {
          "outputs": [
            {
              "name": "out",
              "path": "/nix/store/06gf7f983rjm28pmycy732hdj4i7x0v8-clang-tools-19.1.7",
              "default": true
            }
          ],
          "store_path": "/nix/store/06gf7f983rjm28pmycy732hdj4i7x0v8-clang-tools-19.1.7"
        }
      }
    },
    "clang@latest": {
      "last_modified": "2025-05-16T20:19:48Z",
      "resolved": "github:NixOS/nixpkgs/12a55407652e04dcf2309436eb06fef0d3713ef3#clang",
      "source": "devbox-search",
      "version": "19.1.7",
      "systems": {
        "aarch64-darwin": {
          "outputs": [
            {
              "name": "out",
              "path": "/nix/store/cvhbqa01i5yy7xmmpqp1hbnvq7kpvgsx-clang-wrapper-19.1.7",
              "default": true
            }
          ],
          "store_path": "/nix/store/cvhbqa01i5yy7xmmpqp1hbnvq7kpvgsx-clang-wrapper-19.1.7"
        },
        "aarch64-linux": {
          "outputs": [
            {
              "name": "out",
              "path": "/nix/store/vp6zgsnwkqjn89lgdkizr2vpxp6zvv9m-clang-wrapper-19.1.7",
              "default": true
            }
          ],
          "store_path": "/nix/store/vp6zgsnwkqjn89lgdkizr2vpxp6zvv9m-clang-wrapper-19.1.7"
        },
        "x86_64-darwin": {
          "outputs": [
            {
              "name": "out",
              "path": "/nix/store/cm1kj0v0xpsql7fww3hv7f3z930k2fnw-clang-wrapper-19.1.7",
              "default": true
            }
          ],
          "store_path": "/nix/store/cm1kj0v0xpsql7fww3hv7f3z930k2fnw-clang-wrapper-19.1.7"
        },
        "x86_64-linux": {
          "outputs": [
            {
              "name": "out",
              "path": "/nix/store/fmysfy9gl5d59yir4fksi29wz10maljg-clang-wrapper-19.1.7",
              "default": true
            }
          ],
          "store_path": "/nix/store/fmysfy9gl5d59yir4fksi29wz10maljg-clang-wrapper-19.1.7"
        }
      }
    },
    "cli11@latest": {
      "last_modified": "2025-10-22T20:59:19Z",
      "resolved": "github:NixOS/nixpkgs/01b6809f7f9d1183a2b3e081f0a1e6f8f415cb09#cli11",
      "source": "devbox-search",
      "version": "2.5.0",
      "systems": {
        "aarch64-darwin": {
          "outputs": [
            {
              "name": "out",
              "path": "/nix/store/pjd6pfwmxbr8qp2l5bjflmdczxwkwph8-cli11-2.5.0",
              "default": true
            }
          ],
          "store_path": "/nix/store/pjd6pfwmxbr8qp2l5bjflmdczxwkwph8-cli11-2.5.0"
        },
        "aarch64-linux": {
          "outputs": [
            {
              "name": "out",
              "path": "/nix/store/rvnm24d74vqb1l39dq0ly4pr05yg7djw-cli11-2.5.0",
              "default": true
            }
          ],
          "store_path": "/nix/store/rvnm24d74vqb1l39dq0ly4pr05yg7djw-cli11-2.5.0"
        },
        "x86_64-darwin": {
          "outputs": [
            {
              "name": "out",
              "path": "/nix/store/01havylhsdcp6g7pjab1vxq8vjc0kgv5-cli11-2.5.0",
              "default": true
            }
          ],
          "store_path": "/nix/store/01havylhsdcp6g7pjab1vxq8vjc0kgv5-cli11-2.5.0"
        },
        "x86_64-linux": {
          "outputs": [
            {
              "name": "out",
              "path": "/nix/store/fkwhwbznd8ylcwvw32pai00xc053jzb0-cli11-2.5.0",
              "default": true
            }
          ],
          "store_path": "/nix/store/fkwhwbznd8ylcwvw32pai00xc053jzb0-cli11-2.5.0"
        }
      }
    },
    "cmake@latest": {
      "last_modified": "2025-05-16T20:19:48Z",
      "resolved": "github:NixOS/nixpkgs/12a55407652e04dcf2309436eb06fef0d3713ef3#cmake",
      "source": "devbox-search",
      "version": "3.31.6",
      "systems": {
        "aarch64-darwin": {
          "outputs": [
            {
              "name": "out",
              "path": "/nix/store/446sv4sjjz03j7zw44icjbd81mfl8inx-cmake-3.31.6",
              "default": true
            }
          ],
          "store_path": "/nix/store/446sv4sjjz03j7zw44icjbd81mfl8inx-cmake-3.31.6"
        },
        "aarch64-linux": {
          "outputs": [
            {
              "name": "out",
              "path": "/nix/store/9cbpyw2256lkll43i97438fhb26h0xvc-cmake-3.31.6",
              "default": true
            },
            {
              "name": "debug",
              "path": "/nix/store/vkkhdc8qyimrpz4zrhwc0bjrmabknwd8-cmake-3.31.6-debug"
            }
          ],
          "store_path": "/nix/store/9cbpyw2256lkll43i97438fhb26h0xvc-cmake-3.31.6"
        },
        "x86_64-darwin": {
          "outputs": [
            {
              "name": "out",
              "path": "/nix/store/rlp1sdsib58dq9bxn0x9cvq54bgfp2j7-cmake-3.31.6",
              "default": true
            }
          ],
          "store_path": "/nix/store/rlp1sdsib58dq9bxn0x9cvq54bgfp2j7-cmake-3.31.6"
        },
        "x86_64-linux": {
          "outputs": [
            {
              "name": "out",
              "path": "/nix/store/wphngc22a7aphbp5pi5jqmqlsqmisgn5-cmake-3.31.6",
              "default": true
            },
            {
              "name": "debug",
              "path": "/nix/store/kdnzgg0361rhg6h8mxhzkw3wvs2c1ffn-cmake-3.31.6-debug"
            }
          ],
          "store_path": "/nix/store/wphngc22a7aphbp5pi5jqmqlsqmisgn5-cmake-3.31.6"
        }
      }
    },
    "cppzmq@latest": {
      "last_modified": "2025-10-22T20:59:19Z",
      "resolved": "github:NixOS/nixpkgs/01b6809f7f9d1183a2b3e081f0a1e6f8f415cb09#cppzmq",
      "source": "devbox-search",
      "version": "4.11.0",
      "systems": {
        "aarch64-darwin": {
          "outputs": [
            {
              "name": "out",
              "path": "/nix/store/292l0vibp7im9m9vhp080xdswj80wq2z-cppzmq-4.11.0",
              "default": true
            }
          ],
          "store_path": "/nix/store/292l0vibp7im9m9vhp080xdswj80wq2z-cppzmq-4.11.0"
        },
        "aarch64-linux": {
          "outputs": [
            {
              "name": "out",
              "path": "/nix/store/mvl5a6m05qxgyi1ma46la5y0ksjd8dgc-cppzmq-4.11.0",
              "default": true
            }
          ],
          "store_path": "/nix/store/mvl5a6m05qxgyi1ma46la5y0ksjd8dgc-cppzmq-4.11.0"
        },
        "x86_64-darwin": {
          "outputs": [
            {
              "name": "out",
              "path": "/nix/store/01iv3cgplai7qjxsv0b7psfvhk5fn2fz-cppzmq-4.11.0",
              "default": true
            }
          ],
          "store_path": "/nix/store/01iv3cgplai7qjxsv0b7psfvhk5fn2fz-cppzmq-4.11.0"
        },
        "x86_64-linux": {
          "outputs": [
            {
              "name": "out",
              "path": "/nix/store/cjcysg4bg3yxdf9lqv79sxz94bhfq5fg-cppzmq-4.11.0",
              "default": true
            }
          ],
          "store_path": "/nix/store/cjcysg4bg3yxdf9lqv79sxz94bhfq5fg-cppzmq-4.11.0"
        }
      }
    },
    "fmt.dev": {
      "resolved": "github:NixOS/nixpkgs/59138c7667b7970d205d6a05a8bfa2d78caa3643?narHash=sha256-7gGa49iB9nCnFk4h%2Fg9zwjlQAyjtpgcFkODjcOQS0Es%3D#fmt.dev",
      "source": "nixpkg"
    },
    "fmt@latest": {
      "last_modified": "2025-05-16T20:19:48Z",
      "resolved": "github:NixOS/nixpkgs/12a55407652e04dcf2309436eb06fef0d3713ef3#fmt",
      "source": "devbox-search",
      "version": "10.2.1",
      "systems": {
        "aarch64-darwin": {
          "outputs": [
            {
              "name": "out",
              "path": "/nix/store/7mbycddkf3qwawh4qmjy5vzmj61xzh6y-fmt-10.2.1",
              "default": true
            },
            {
              "name": "dev",
              "path": "/nix/store/77cg37l78m9hvz62i6lnfc1c5l7migaz-fmt-10.2.1-dev"
            }
          ],
          "store_path": "/nix/store/7mbycddkf3qwawh4qmjy5vzmj61xzh6y-fmt-10.2.1"
        },
        "aarch64-linux": {
          "outputs": [
            {
              "name": "out",
              "path": "/nix/store/pi9j5cp4jdqb8y0fwbky0cp16vzcddi3-fmt-10.2.1",
              "default": true
            },
            {
              "name": "dev",
              "path": "/nix/store/d1jjcrr1svxz9bvx7knq3plj4s3rf8my-fmt-10.2.1-dev"
            }
          ],
          "store_path": "/nix/store/pi9j5cp4jdqb8y0fwbky0cp16vzcddi3-fmt-10.2.1"
        },
        "x86_64-darwin": {
          "outputs": [
            {
              "name": "out",
              "path": "/nix/store/qdpsgf71gq1dk829fp3czx146mpi2ayy-fmt-10.2.1",
              "default": true
            },
            {
              "name": "dev",
              "path": "/nix/store/jxkcn8agzx3bnfiin7493r29n707rzns-fmt-10.2.1-dev"
            }
          ],
          "store_path": "/nix/store/qdpsgf71gq1dk829fp3czx146mpi2ayy-fmt-10.2.1"
        },
        "x86_64-linux": {
          "outputs": [
            {
              "name": "out",
              "path": "/nix/store/ana60wc7j3kf2hjmazfkl7h7xx3pnbk0-fmt-10.2.1",
              "default": true
            },
            {
              "name": "dev",
              "path": "/nix/store/9h8l3v6w809d6cdspakw6wapsva582vw-fmt-10.2.1-dev"
            }
          ],
          "store_path": "/nix/store/ana60wc7j3kf2hjmazfkl7h7xx3pnbk0-fmt-10.2.1"
        }
      }
    },
    "gcc.cc.lib": {
      "resolved": "github:NixOS/nixpkgs/59138c7667b7970d205d6a05a8bfa2d78caa3643?narHash=sha256-7gGa49iB9nCnFk4h%2Fg9zwjlQAyjtpgcFkODjcOQS0Es%3D#gcc.cc.lib",
      "source": "nixpkg"
    },
    "gcc@13.3": {
      "last_modified": "2024-12-03T12:40:06Z",
      "resolved": "github:NixOS/nixpkgs/566e53c2ad750c84f6d31f9ccb9d00f823165550#gcc",
      "source": "devbox-search",
      "version": "13.3.0",
      "systems": {
        "aarch64-darwin": {
          "outputs": [
            {
              "name": "out",
              "path": "/nix/store/3hq83bgy41m9xpifm3hknjf96v75sg33-gcc-wrapper-13.3.0",
              "default": true
            },
            {
              "name": "man",
              "path": "/nix/store/ncrvhf5cml7cpi34ah1fvpablyk9j3jf-gcc-wrapper-13.3.0-man",
              "default": true
            },
            {
              "name": "info",
              "path": "/nix/store/95lwddr3xhz110pyjkg9i7zczbi32bjb-gcc-wrapper-13.3.0-info"
            }
          ],
          "store_path": "/nix/store/3hq83bgy41m9xpifm3hknjf96v75sg33-gcc-wrapper-13.3.0"
        },
        "aarch64-linux": {
          "outputs": [
            {
              "name": "out",
              "path": "/nix/store/ay4xxbjafns12mn2ilhz4y7d3m3ziwqg-gcc-wrapper-13.3.0",
              "default": true
            },
            {
              "name": "man",
              "path": "/nix/store/5y6fmjxpv2xc7zhvn02w4ikg1n1rgm0d-gcc-wrapper-13.3.0-man",
              "default": true
            },
            {
              "name": "info",
              "path": "/nix/store/b0b2h9n97bpwrdxnazh70nlv0knlpd7s-gcc-wrapper-13.3.0-info"
            }
          ],
          "store_path": "/nix/store/ay4xxbjafns12mn2ilhz4y7d3m3ziwqg-gcc-wrapper-13.3.0"
        },
        "x86_64-darwin": {
          "outputs": [
            {
              "name": "out",
              "path": "/nix/store/hjrymxy8p9fkcqzdi4qd6qcvy9fdkcn1-gcc-wrapper-13.3.0",
              "default": true
            },
            {
              "name": "man",
              "path": "/nix/store/156gcfrrmschaslcc4vbblmg86wcv1wb-gcc-wrapper-13.3.0-man",
              "default": true
            },
            {
              "name": "info",
              "path": "/nix/store/9msszmhia74i4x5bcz8w5pnqnyj0r563-gcc-wrapper-13.3.0-info"
            }
          ],
          "store_path": "/nix/store/hjrymxy8p9fkcqzdi4qd6qcvy9fdkcn1-gcc-wrapper-13.3.0"
        },
        "x86_64-linux": {
          "outputs": [
            {
              "name": "out",
              "path": "/nix/store/4apajimszc47rxwcpvc3g3rj2icinl71-gcc-wrapper-13.3.0",
              "default": true
            },
            {
              "name": "man",
              "path": "/nix/store/g6dl0niwffyhk1l59r4zxv94fklx7ijg-gcc-wrapper-13.3.0-man",
              "default": true
            },
            {
              "name": "info",
              "path": "/nix/store/nhjmrmkzyqsff9maxrl0pskqbizpqikz-gcc-wrapper-13.3.0-info"
            }
          ],
          "store_path": "/nix/store/4apajimszc47rxwcpvc3g3rj2icinl71-gcc-wrapper-13.3.0"
        }
      }
    },
    "github:NixOS/nixpkgs/nixpkgs-unstable": {
      "last_modified": "2025-05-31T03:30:20Z",
      "resolved": "github:NixOS/nixpkgs/59138c7667b7970d205d6a05a8bfa2d78caa3643?lastModified=1748662220&narHash=sha256-7gGa49iB9nCnFk4h%2Fg9zwjlQAyjtpgcFkODjcOQS0Es%3D"
    },
    "grpc@latest": {
      "last_modified": "2025-10-22T20:59:19Z",
      "resolved": "github:NixOS/nixpkgs/01b6809f7f9d1183a2b3e081f0a1e6f8f415cb09#grpc",
      "source": "devbox-search",
      "version": "1.75.1",
      "systems": {
        "aarch64-darwin": {
          "outputs": [
            {
              "name": "out",
              "path": "/nix/store/95ydj0fp4b3qrld42nm7crn01s36c9n5-grpc-1.75.1",
              "default": true
            }
          ],
          "store_path": "/nix/store/95ydj0fp4b3qrld42nm7crn01s36c9n5-grpc-1.75.1"
        },
        "aarch64-linux": {
          "outputs": [
            {
              "name": "out",
              "path": "/nix/store/123makpkmjszzj6wi9mgj534bwrc7rdy-grpc-1.75.1",
              "default": true
            }
          ],
          "store_path": "/nix/store/123makpkmjszzj6wi9mgj534bwrc7rdy-grpc-1.75.1"
        },
        "x86_64-darwin": {
          "outputs": [
            {
              "name": "out",
              "path": "/nix/store/8idhh9ynicqh47wm0s2cjks26b7dn7bw-grpc-1.75.1",
              "default": true
            }
          ],
          "store_path": "/nix/store/8idhh9ynicqh47wm0s2cjks26b7dn7bw-grpc-1.75.1"
        },
        "x86_64-linux": {
          "outputs": [
            {
              "name": "out",
              "path": "/nix/store/dvq2p53l0s7g3flya31d1ln0jdsahp2s-grpc-1.75.1",
              "default": true
            }
          ],
          "store_path": "/nix/store/dvq2p53l0s7g3flya31d1ln0jdsahp2s-grpc-1.75.1"
        }
      }
    },
    "libsodium.dev": {
      "resolved": "github:NixOS/nixpkgs/59138c7667b7970d205d6a05a8bfa2d78caa3643?narHash=sha256-7gGa49iB9nCnFk4h%2Fg9zwjlQAyjtpgcFkODjcOQS0Es%3D#libsodium.dev",
      "source": "nixpkg"
    },
    "libsodium@latest": {
      "last_modified": "2025-10-30T18:40:41Z",
      "resolved": "github:NixOS/nixpkgs/45ebaee5d90bab997812235564af4cf5107bde89#libsodium",
      "source": "devbox-search",
      "version": "1.0.20",
      "systems": {
        "aarch64-darwin": {
          "outputs": [
            {
              "name": "out",
              "path": "/nix/store/c7fris1kd0s2kk26b6bqcv961gyhmgi1-libsodium-1.0.20",
              "default": true
            },
            {
              "name": "dev",
              "path": "/nix/store/9igmb7g0jk0jqvf02ghw1692rm72hq5z-libsodium-1.0.20-dev"
            }
          ],
          "store_path": "/nix/store/c7fris1kd0s2kk26b6bqcv961gyhmgi1-libsodium-1.0.20"
        },
        "aarch64-linux": {
          "outputs": [
            {
              "name": "out",
              "path": "/nix/store/qpq1c1cl5s7mqnbjbpbbhknb32xvg11g-libsodium-1.0.20",
              "default": true
            },
            {
              "name": "debug",
              "path": "/nix/store/x954dmvpmmk9bvkl8bywh9c9sm9jzv08-libsodium-1.0.20-debug"
            },
            {
              "name": "dev",
              "path": "/nix/store/syn22gzx2k6kznjpwgawfpazlii0w38s-libsodium-1.0.20-dev"
            }
          ],
          "store_path": "/nix/store/qpq1c1cl5s7mqnbjbpbbhknb32xvg11g-libsodium-1.0.20"
        },
        "x86_64-darwin": {
          "outputs": [
            {
              "name": "out",
              "path": "/nix/store/c9h4shd737lhzr0q6hkiz2ycqc0i87rq-libsodium-1.0.20",
              "default": true
            },
            {
              "name": "dev",
              "path": "/nix/store/lrgjcdahyqr9yvxvslrjlifxvpgn9hv9-libsodium-1.0.20-dev"
            }
          ],
          "store_path": "/nix/store/c9h4shd737lhzr0q6hkiz2ycqc0i87rq-libsodium-1.0.20"
        },
        "x86_64-linux": {
          "outputs": [
            {
              "name": "out",
              "path": "/nix/store/i74fk40miw9py84pqilsrr2awwrd091k-libsodium-1.0.20",
              "default": true
            },
            {
              "name": "debug",
              "path": "/nix/store/77x544ynbs47ahfb4gywi2q1q63n4baf-libsodium-1.0.20-debug"
            },
            {
              "name": "dev",
              "path": "/nix/store/j7grhvsgxqgmr0bzf8grpn29a998qp4p-libsodium-1.0.20-dev"
            }
          ],
          "store_path": "/nix/store/i74fk40miw9py84pqilsrr2awwrd091k-libsodium-1.0.20"
        }
      }
    },
    "protobuf@latest": {
      "last_modified": "2025-10-22T20:59:19Z",
      "resolved": "github:NixOS/nixpkgs/01b6809f7f9d1183a2b3e081f0a1e6f8f415cb09#protobuf",
      "source": "devbox-search",
      "version": "32.1",
      "systems": {
        "aarch64-darwin": {
          "outputs": [
            {
              "name": "out",
              "path": "/nix/store/dglw92zg0pn829d9svzn5n9pdzi75vmh-protobuf-32.1",
              "default": true
            }
          ],
          "store_path": "/nix/store/dglw92zg0pn829d9svzn5n9pdzi75vmh-protobuf-32.1"
        },
        "aarch64-linux": {
          "outputs": [
            {
              "name": "out",
              "path": "/nix/store/5xy3ykz66axhh9fwllrpdyfag423flr3-protobuf-32.1",
              "default": true
            }
          ],
          "store_path": "/nix/store/5xy3ykz66axhh9fwllrpdyfag423flr3-protobuf-32.1"
        },
        "x86_64-darwin": {
          "outputs": [
            {
              "name": "out",
              "path": "/nix/store/92lnm00p6lpmwgbz3mn0l4zxma6ibx88-protobuf-32.1",
              "default": true
            }
          ],
          "store_path": "/nix/store/92lnm00p6lpmwgbz3mn0l4zxma6ibx88-protobuf-32.1"
        },
        "x86_64-linux": {
          "outputs": [
            {
              "name": "out",
              "path": "/nix/store/izjrnd79npwzbdcjiv0i36dcw3kigny9-protobuf-32.1",
              "default": true
            }
          ],
          "store_path": "/nix/store/izjrnd79npwzbdcjiv0i36dcw3kigny9-protobuf-32.1"
        }
      }
    },
    "rerun@latest": {
      "last_modified": "2025-10-28T12:57:11Z",
      "resolved": "github:NixOS/nixpkgs/e99366c665bdd53b7b500ccdc5226675cfc51f45#rerun",
      "source": "devbox-search",
      "version": "0.26.2",
      "systems": {
        "aarch64-darwin": {
          "outputs": [
            {
              "name": "out",
              "path": "/nix/store/6apy1lsb9svixcskg0jkbkhl5mdn6lrl-rerun-0.26.2",
              "default": true
            }
          ],
          "store_path": "/nix/store/6apy1lsb9svixcskg0jkbkhl5mdn6lrl-rerun-0.26.2"
        },
        "aarch64-linux": {
          "outputs": [
            {
              "name": "out",
              "path": "/nix/store/4b5gsr87snifi3sz1vz13af32rfzdy0k-rerun-0.26.2",
              "default": true
            }
          ],
          "store_path": "/nix/store/4b5gsr87snifi3sz1vz13af32rfzdy0k-rerun-0.26.2"
        },
        "x86_64-darwin": {
          "outputs": [
            {
              "name": "out",
              "path": "/nix/store/ya2hn5m2zawkl9dwhmsicwmbmp9p03mr-rerun-0.26.2",
              "default": true
            }
          ],
          "store_path": "/nix/store/ya2hn5m2zawkl9dwhmsicwmbmp9p03mr-rerun-0.26.2"
        },
        "x86_64-linux": {
          "outputs": [
            {
              "name": "out",
              "path": "/nix/store/1nhci159mdg2kzg53ifawjaj8vw162rc-rerun-0.26.2",
              "default": true
            }
          ],
          "store_path": "/nix/store/1nhci159mdg2kzg53ifawjaj8vw162rc-rerun-0.26.2"
        }
      }
    },
    "spdlog.dev": {
      "resolved": "github:NixOS/nixpkgs/59138c7667b7970d205d6a05a8bfa2d78caa3643?narHash=sha256-7gGa49iB9nCnFk4h%2Fg9zwjlQAyjtpgcFkODjcOQS0Es%3D#spdlog.dev",
      "source": "nixpkg"
    },
    "spdlog@latest": {
      "last_modified": "2025-11-03T07:53:02Z",
      "resolved": "github:NixOS/nixpkgs/7241bcbb4f099a66aafca120d37c65e8dda32717#spdlog",
      "source": "devbox-search",
      "version": "1.15.3",
      "systems": {
        "aarch64-darwin": {
          "outputs": [
            {
              "name": "out",
              "path": "/nix/store/c5cvyq8wdd5xf0gmd9r8kww26f7s41mw-spdlog-1.15.3",
              "default": true
            },
            {
              "name": "dev",
              "path": "/nix/store/07mky056gixpx2pv7xdg3ma6ankwcgx9-spdlog-1.15.3-dev"
            },
            {
              "name": "doc",
              "path": "/nix/store/fz8f5anjs4671ambk8d3077y8vfx282s-spdlog-1.15.3-doc"
            }
          ],
          "store_path": "/nix/store/c5cvyq8wdd5xf0gmd9r8kww26f7s41mw-spdlog-1.15.3"
        },
        "aarch64-linux": {
          "outputs": [
            {
              "name": "out",
              "path": "/nix/store/06ja02vp1ddc8skbhfh09akbajn9gxrl-spdlog-1.15.3",
              "default": true
            },
            {
              "name": "dev",
              "path": "/nix/store/gy0jyr8ggl67553wxvi5si02h1495cxr-spdlog-1.15.3-dev"
            },
            {
              "name": "doc",
              "path": "/nix/store/s5nyzi3780b9vav3fsblghxjbk4as4di-spdlog-1.15.3-doc"
            }
          ],
          "store_path": "/nix/store/06ja02vp1ddc8skbhfh09akbajn9gxrl-spdlog-1.15.3"
        },
        "x86_64-darwin": {
          "outputs": [
            {
              "name": "out",
              "path": "/nix/store/yf9wb3f9zss4nzidh97hxz321kcdmv8g-spdlog-1.15.3",
              "default": true
            },
            {
              "name": "dev",
              "path": "/nix/store/zq99b05yyrqilgrbkplmm6rr96b3b7p4-spdlog-1.15.3-dev"
            },
            {
              "name": "doc",
              "path": "/nix/store/7703iznvq4c85gwj4aiziq1q7syq7jkb-spdlog-1.15.3-doc"
            }
          ],
          "store_path": "/nix/store/yf9wb3f9zss4nzidh97hxz321kcdmv8g-spdlog-1.15.3"
        },
        "x86_64-linux": {
          "outputs": [
            {
              "name": "out",
              "path": "/nix/store/fv3p2qwlrfmwnr6msgr1ypsmqgwyw3il-spdlog-1.15.3",
              "default": true
            },
            {
              "name": "dev",
              "path": "/nix/store/p6r8hsgnlc1z14inj5ga7h28x7y5wzmg-spdlog-1.15.3-dev"
            },
            {
              "name": "doc",
              "path": "/nix/store/gf7manys5a4g2m8izrl0w44pgfdzdq9l-spdlog-1.15.3-doc"
            }
          ],
          "store_path": "/nix/store/fv3p2qwlrfmwnr6msgr1ypsmqgwyw3il-spdlog-1.15.3"
        }
      }
    },
    "stdenv@latest": {
      "last_modified": "2023-02-24T09:01:09Z",
      "resolved": "github:NixOS/nixpkgs/7d0ed7f2e5aea07ab22ccb338d27fbe347ed2f11#stdenv",
      "source": "devbox-search"
    },
    "tbb.dev": {
      "resolved": "github:NixOS/nixpkgs/59138c7667b7970d205d6a05a8bfa2d78caa3643?narHash=sha256-7gGa49iB9nCnFk4h%2Fg9zwjlQAyjtpgcFkODjcOQS0Es%3D#tbb.dev",
      "source": "nixpkg"
    },
    "tbb@latest": {
      "last_modified": "2025-09-18T16:33:27Z",
      "resolved": "github:NixOS/nixpkgs/f4b140d5b253f5e2a1ff4e5506edbf8267724bde#tbb",
      "source": "devbox-search",
      "version": "2020.3.3",
      "systems": {
        "aarch64-darwin": {
          "outputs": [
            {
              "name": "out",
              "path": "/nix/store/93fhzpbmbbgvpc1f6b0jfh0h0l78sk5a-tbb-2020.3.3",
              "default": true
            },
            {
              "name": "dev",
              "path": "/nix/store/bjramyms6ki0vprqlv78fq1kbk24an0w-tbb-2020.3.3-dev"
            }
          ],
          "store_path": "/nix/store/93fhzpbmbbgvpc1f6b0jfh0h0l78sk5a-tbb-2020.3.3"
        },
        "aarch64-linux": {
          "outputs": [
            {
              "name": "out",
              "path": "/nix/store/dnyw7am5dc1rfqz0zwjymx7y8l9mfclg-tbb-2020.3.3",
              "default": true
            },
            {
              "name": "dev",
              "path": "/nix/store/m1sx3px6hl3xwjg6c2w7yrrnm0gf4xra-tbb-2020.3.3-dev"
            }
          ],
          "store_path": "/nix/store/dnyw7am5dc1rfqz0zwjymx7y8l9mfclg-tbb-2020.3.3"
        },
        "x86_64-darwin": {
          "outputs": [
            {
              "name": "out",
              "path": "/nix/store/m744yza5nvbn0m0lby3npkkjk91140w4-tbb-2020.3.3",
              "default": true
            },
            {
              "name": "dev",
              "path": "/nix/store/bskcrpha69q53hizd5i3pqb22vgks42r-tbb-2020.3.3-dev"
            }
          ],
          "store_path": "/nix/store/m744yza5nvbn0m0lby3npkkjk91140w4-tbb-2020.3.3"
        },
        "x86_64-linux": {
          "outputs": [
            {
              "name": "out",
              "path": "/nix/store/26q4j2d947bl56za1zz498a0b6g9h8ji-tbb-2020.3.3",
              "default": true
            },
            {
              "name": "dev",
              "path": "/nix/store/gmmir8s344x0gh0dmsrbc1k86avr9b1b-tbb-2020.3.3-dev"
            }
          ],
          "store_path": "/nix/store/26q4j2d947bl56za1zz498a0b6g9h8ji-tbb-2020.3.3"
        }
      }
    },
    "thrift@latest": {
      "last_modified": "2025-10-22T20:59:19Z",
      "resolved": "github:NixOS/nixpkgs/01b6809f7f9d1183a2b3e081f0a1e6f8f415cb09#thrift",
      "source": "devbox-search",
      "version": "0.22.0",
      "systems": {
        "aarch64-darwin": {
          "outputs": [
            {
              "name": "out",
              "path": "/nix/store/b7fdh74wgphrl1hhgvzh1c9f8ih3g6fb-thrift-0.22.0",
              "default": true
            }
          ],
          "store_path": "/nix/store/b7fdh74wgphrl1hhgvzh1c9f8ih3g6fb-thrift-0.22.0"
        },
        "aarch64-linux": {
          "outputs": [
            {
              "name": "out",
              "path": "/nix/store/xiid4lky1xw9sd5jda5s7nzbgx8flxmz-thrift-0.22.0",
              "default": true
            }
          ],
          "store_path": "/nix/store/xiid4lky1xw9sd5jda5s7nzbgx8flxmz-thrift-0.22.0"
        },
        "x86_64-darwin": {
          "outputs": [
            {
              "name": "out",
              "path": "/nix/store/s6r95riarlv07fdvsbspawc7p8ivyd73-thrift-0.22.0",
              "default": true
            }
          ],
          "store_path": "/nix/store/s6r95riarlv07fdvsbspawc7p8ivyd73-thrift-0.22.0"
        },
        "x86_64-linux": {
          "outputs": [
            {
              "name": "out",
              "path": "/nix/store/cr3q30b7igadflnjmrzlmy8c69lgns88-thrift-0.22.0",
              "default": true
            }
          ],
          "store_path": "/nix/store/cr3q30b7igadflnjmrzlmy8c69lgns88-thrift-0.22.0"
        }
      }
    },
    "zeromq@latest": {
      "last_modified": "2025-10-22T20:59:19Z",
      "resolved": "github:NixOS/nixpkgs/01b6809f7f9d1183a2b3e081f0a1e6f8f415cb09#zeromq",
      "source": "devbox-search",
      "version": "4.3.5",
      "systems": {
        "aarch64-darwin": {
          "outputs": [
            {
              "name": "out",
              "path": "/nix/store/2r1yqqp805ci995gfii6l7b3jnhbmah9-zeromq-4.3.5",
              "default": true
            }
          ],
          "store_path": "/nix/store/2r1yqqp805ci995gfii6l7b3jnhbmah9-zeromq-4.3.5"
        },
        "aarch64-linux": {
          "outputs": [
            {
              "name": "out",
              "path": "/nix/store/rg7by6wnwrnh1s1b8n463pv6f7rk6gfi-zeromq-4.3.5",
              "default": true
            }
          ],
          "store_path": "/nix/store/rg7by6wnwrnh1s1b8n463pv6f7rk6gfi-zeromq-4.3.5"
        },
        "x86_64-darwin": {
          "outputs": [
            {
              "name": "out",
              "path": "/nix/store/b8ywznyq0206ysr1bsqbdm9143zrpp0c-zeromq-4.3.5",
              "default": true
            }
          ],
          "store_path": "/nix/store/b8ywznyq0206ysr1bsqbdm9143zrpp0c-zeromq-4.3.5"
        },
        "x86_64-linux": {
          "outputs": [
            {
              "name": "out",
              "path": "/nix/store/59af804jvzilcrjg4il5ry4jhxw0klv6-zeromq-4.3.5",
              "default": true
            }
          ],
          "store_path": "/nix/store/59af804jvzilcrjg4il5ry4jhxw0klv6-zeromq-4.3.5"
        }
      }
    }
  }
}
